
Microsoft Visual Studio Solution File, Format Version 12.00
# Visual Studio Version 16
VisualStudioVersion = 16.0.29926.136
MinimumVisualStudioVersion = 10.0.40219.1
Project("{8BC9CEB8-8B4A-11D0-8D11-00A0C91BC942}") = "坦克", "坦克.vcxproj", "{7FB053B3-6DD1-4A8F-984B-4F2D3FCB0F3C}"
EndProject
Global
	GlobalSection(SolutionConfigurationPlatforms) = preSolution
		Debug|x64 = Debug|x64
		Debug|x86 = Debug|x86
		Release|x64 = Release|x64
		Release|x86 = Release|x86
	EndGlobalSection
	GlobalSection(ProjectConfigurationPlatforms) = postSolution
		{7FB053B3-6DD1-4A8F-984B-4F2D3FCB0F3C}.Debug|x64.ActiveCfg = Debug|x64
		{7FB053B3-6DD1-4A8F-984B-4F2D3FCB0F3C}.Debug|x64.Build.0 = Debug|x64
		{7FB053B3-6DD1-4A8F-984B-4F2D3FCB0F3C}.Debug|x86.ActiveCfg = Debug|Win32
		{7FB053B3-6DD1-4A8F-984B-4F2D3FCB0F3C}.Debug|x86.Build.0 = Debug|Win32
		{7FB053B3-6DD1-4A8F-984B-4F2D3FCB0F3C}.Release|x64.ActiveCfg = Release|x64
		{7FB053B3-6DD1-4A8F-984B-4F2D3FCB0F3C}.Release|x64.Build.0 = Release|x64
		{7FB053B3-6DD1-4A8F-984B-4F2D3FCB0F3C}.Release|x86.ActiveCfg = Release|Win32
		{7FB053B3-6DD1-4A8F-984B-4F2D3FCB0F3C}.Release|x86.Build.0 = Release|Win32
	EndGlobalSection
	GlobalSection(SolutionProperties) = preSolution
		HideSolutionNode = FALSE
	EndGlobalSection
	GlobalSection(ExtensibilityGlobals) = postSolution
		SolutionGuid = {1F3BE422-896E-4996-A07F-18C0F14B2E99}
	EndGlobalSection
EndGlobal
